# This file is automatically @generated by Cargo.
# It is not intended for manual editing.
version = 3

[[package]]
name = "anyhow"
version = "1.0.94"
source = "registry+https://github.com/rust-lang/crates.io-index"
checksum = "c1fd03a028ef38ba2276dce7e33fcd6369c158a1bca17946c4b1b701891c1ff7"

[[package]]
name = "log"
version = "0.4.22"
source = "registry+https://github.com/rust-lang/crates.io-index"
checksum = "a7a70ba024b9dc04c27ea2f0c0548feb474ec5c54bba33a7f72f873a39d07b24"

[[package]]
name = "nullable"
version = "0.1.0"
dependencies = [
 "anyhow",
 "sqlparser",
]

[[package]]
name = "sqlparser"
version = "0.51.0"
source = "registry+https://github.com/rust-lang/crates.io-index"
checksum = "5fe11944a61da0da3f592e19a45ebe5ab92dc14a779907ff1f08fbb797bfefc7"
dependencies = [
 "log",
]
